
Microsoft Visual Studio Solution File, Format Version 12.00
# Visual Studio Version 16
VisualStudioVersion = 16.0.31424.327
MinimumVisualStudioVersion = 10.0.40219.1
Project("{FAE04EC0-301F-11D3-BF4B-00C04F79EFBC}") = "BlazoredFluentValidationBug", "BlazoredFluentValidationBug\BlazoredFluentValidationBug.csproj", "{FCD65365-4B18-4310-9273-7D4161AFE76D}"
EndProject
Global
	GlobalSection(SolutionConfigurationPlatforms) = preSolution
		Debug|Any CPU = Debug|Any CPU
		Release|Any CPU = Release|Any CPU
	EndGlobalSection
	GlobalSection(ProjectConfigurationPlatforms) = postSolution
		{FCD65365-4B18-4310-9273-7D4161AFE76D}.Debug|Any CPU.ActiveCfg = Debug|Any CPU
		{FCD65365-4B18-4310-9273-7D4161AFE76D}.Debug|Any CPU.Build.0 = Debug|Any CPU
		{FCD65365-4B18-4310-9273-7D4161AFE76D}.Release|Any CPU.ActiveCfg = Release|Any CPU
		{FCD65365-4B18-4310-9273-7D4161AFE76D}.Release|Any CPU.Build.0 = Release|Any CPU
	EndGlobalSection
	GlobalSection(SolutionProperties) = preSolution
		HideSolutionNode = FALSE
	EndGlobalSection
	GlobalSection(ExtensibilityGlobals) = postSolution
		SolutionGuid = {C460BA8B-9A18-4A00-94DC-0C98F335ACB6}
	EndGlobalSection
EndGlobal
